// !$*UTF8*$!
{
	archiveVersion = 1;
	classes = {
	};
	objectVersion = 50;
	objects = {

/* Begin PBXBuildFile section */
		3D84CAFF27962871001BB637 /* AppDelegate.swift in Sources */ = {isa = PBXBuildFile; fileRef = 3D84CAFE27962871001BB637 /* AppDelegate.swift */; };
		3D84CB0127962871001BB637 /* ViewController.swift in Sources */ = {isa = PBXBuildFile; fileRef = 3D84CB0027962871001BB637 /* ViewController.swift */; };
		3D84CB0427962871001BB637 /* Main.storyboard in Resources */ = {isa = PBXBuildFile; fileRef = 3D84CB0227962871001BB637 /* Main.storyboard */; };
		3D84CB0627962874001BB637 /* Assets.xcassets in Resources */ = {isa = PBXBuildFile; fileRef = 3D84CB0527962874001BB637 /* Assets.xcassets */; };
		3D84CB0927962874001BB637 /* LaunchScreen.storyboard in Resources */ = {isa = PBXBuildFile; fileRef = 3D84CB0727962874001BB637 /* LaunchScreen.storyboard */; };
		3D84CB1427962874001BB637 /* dianostico_1_0Tests.swift in Sources */ = {isa = PBXBuildFile; fileRef = 3D84CB1327962874001BB637 /* dianostico_1_0Tests.swift */; };
		3D84CB1F27962875001BB637 /* dianostico_1_0UITests.swift in Sources */ = {isa = PBXBuildFile; fileRef = 3D84CB1E27962875001BB637 /* dianostico_1_0UITests.swift */; };
		3D84CB2D27962C12001BB637 /* Variante.swift in Sources */ = {isa = PBXBuildFile; fileRef = 3D84CB2C27962C12001BB637 /* Variante.swift */; };
		3D84CB2F27962E2A001BB637 /* CeldaVarianteController.swift in Sources */ = {isa = PBXBuildFile; fileRef = 3D84CB2E27962E2A001BB637 /* CeldaVarianteController.swift */; };
/* End PBXBuildFile section */

/* Begin PBXContainerItemProxy section */
		3D84CB1027962874001BB637 /* PBXContainerItemProxy */ = {
			isa = PBXContainerItemProxy;
			containerPortal = 3D84CAF327962871001BB637 /* Project object */;
			proxyType = 1;
			remoteGlobalIDString = 3D84CAFA27962871001BB637;
			remoteInfo = "dianostico-1.0";
		};
		3D84CB1B27962875001BB637 /* PBXContainerItemProxy */ = {
			isa = PBXContainerItemProxy;
			containerPortal = 3D84CAF327962871001BB637 /* Project object */;
			proxyType = 1;
			remoteGlobalIDString = 3D84CAFA27962871001BB637;
			remoteInfo = "dianostico-1.0";
		};
/* End PBXContainerItemProxy section */

/* Begin PBXFileReference section */
		3D84CAFB27962871001BB637 /* dianostico-1.0.app */ = {isa = PBXFileReference; explicitFileType = wrapper.application; includeInIndex = 0; path = "dianostico-1.0.app"; sourceTree = BUILT_PRODUCTS_DIR; };
		3D84CAFE27962871001BB637 /* AppDelegate.swift */ = {isa = PBXFileReference; lastKnownFileType = sourcecode.swift; path = AppDelegate.swift; sourceTree = "<group>"; };
		3D84CB0027962871001BB637 /* ViewController.swift */ = {isa = PBXFileReference; lastKnownFileType = sourcecode.swift; path = ViewController.swift; sourceTree = "<group>"; };
		3D84CB0327962871001BB637 /* Base */ = {isa = PBXFileReference; lastKnownFileType = file.storyboard; name = Base; path = Base.lproj/Main.storyboard; sourceTree = "<group>"; };
		3D84CB0527962874001BB637 /* Assets.xcassets */ = {isa = PBXFileReference; lastKnownFileType = folder.assetcatalog; path = Assets.xcassets; sourceTree = "<group>"; };
		3D84CB0827962874001BB637 /* Base */ = {isa = PBXFileReference; lastKnownFileType = file.storyboard; name = Base; path = Base.lproj/LaunchScreen.storyboard; sourceTree = "<group>"; };
		3D84CB0A27962874001BB637 /* Info.plist */ = {isa = PBXFileReference; lastKnownFileType = text.plist.xml; path = Info.plist; sourceTree = "<group>"; };
		3D84CB0F27962874001BB637 /* dianostico-1.0Tests.xctest */ = {isa = PBXFileReference; explicitFileType = wrapper.cfbundle; includeInIndex = 0; path = "dianostico-1.0Tests.xctest"; sourceTree = BUILT_PRODUCTS_DIR; };
		3D84CB1327962874001BB637 /* dianostico_1_0Tests.swift */ = {isa = PBXFileReference; lastKnownFileType = sourcecode.swift; path = dianostico_1_0Tests.swift; sourceTree = "<group>"; };
		3D84CB1527962874001BB637 /* Info.plist */ = {isa = PBXFileReference; lastKnownFileType = text.plist.xml; path = Info.plist; sourceTree = "<group>"; };
		3D84CB1A27962875001BB637 /* dianostico-1.0UITests.xctest */ = {isa = PBXFileReference; explicitFileType = wrapper.cfbundle; includeInIndex = 0; path = "dianostico-1.0UITests.xctest"; sourceTree = BUILT_PRODUCTS_DIR; };
		3D84CB1E27962875001BB637 /* dianostico_1_0UITests.swift */ = {isa = PBXFileReference; lastKnownFileType = sourcecode.swift; path = dianostico_1_0UITests.swift; sourceTree = "<group>"; };
		3D84CB2027962875001BB637 /* Info.plist */ = {isa = PBXFileReference; lastKnownFileType = text.plist.xml; path = Info.plist; sourceTree = "<group>"; };
		3D84CB2C27962C12001BB637 /* Variante.swift */ = {isa = PBXFileReference; lastKnownFileType = sourcecode.swift; path = Variante.swift; sourceTree = "<group>"; };
		3D84CB2E27962E2A001BB637 /* CeldaVarianteController.swift */ = {isa = PBXFileReference; lastKnownFileType = sourcecode.swift; path = CeldaVarianteController.swift; sourceTree = "<group>"; };
/* End PBXFileReference section */

/* Begin PBXFrameworksBuildPhase section */
		3D84CAF827962871001BB637 /* Frameworks */ = {
			isa = PBXFrameworksBuildPhase;
			buildActionMask = 2147483647;
			files = (
			);
			runOnlyForDeploymentPostprocessing = 0;
		};
		3D84CB0C27962874001BB637 /* Frameworks */ = {
			isa = PBXFrameworksBuildPhase;
			buildActionMask = 2147483647;
			files = (
			);
			runOnlyForDeploymentPostprocessing = 0;
		};
		3D84CB1727962875001BB637 /* Frameworks */ = {
			isa = PBXFrameworksBuildPhase;
			buildActionMask = 2147483647;
			files = (
			);
			runOnlyForDeploymentPostprocessing = 0;
		};
/* End PBXFrameworksBuildPhase section */

/* Begin PBXGroup section */
		3D84CAF227962871001BB637 = {
			isa = PBXGroup;
			children = (
				3D84CAFD27962871001BB637 /* dianostico-1.0 */,
				3D84CB1227962874001BB637 /* dianostico-1.0Tests */,
				3D84CB1D27962875001BB637 /* dianostico-1.0UITests */,
				3D84CAFC27962871001BB637 /* Products */,
			);
			sourceTree = "<group>";
		};
		3D84CAFC27962871001BB637 /* Products */ = {
			isa = PBXGroup;
			children = (
				3D84CAFB27962871001BB637 /* dianostico-1.0.app */,
				3D84CB0F27962874001BB637 /* dianostico-1.0Tests.xctest */,
				3D84CB1A27962875001BB637 /* dianostico-1.0UITests.xctest */,
			);
			name = Products;
			sourceTree = "<group>";
		};
		3D84CAFD27962871001BB637 /* dianostico-1.0 */ = {
			isa = PBXGroup;
			children = (
				3D84CAFE27962871001BB637 /* AppDelegate.swift */,
				3D84CB0027962871001BB637 /* ViewController.swift */,
				3D84CB0227962871001BB637 /* Main.storyboard */,
				3D84CB0527962874001BB637 /* Assets.xcassets */,
				3D84CB0727962874001BB637 /* LaunchScreen.storyboard */,
				3D84CB0A27962874001BB637 /* Info.plist */,
				3D84CB2C27962C12001BB637 /* Variante.swift */,
				3D84CB2E27962E2A001BB637 /* CeldaVarianteController.swift */,
			);
			path = "dianostico-1.0";
			sourceTree = "<group>";
		};
		3D84CB1227962874001BB637 /* dianostico-1.0Tests */ = {
			isa = PBXGroup;
			children = (
				3D84CB1327962874001BB637 /* dianostico_1_0Tests.swift */,
				3D84CB1527962874001BB637 /* Info.plist */,
			);
			path = "dianostico-1.0Tests";
			sourceTree = "<group>";
		};
		3D84CB1D27962875001BB637 /* dianostico-1.0UITests */ = {
			isa = PBXGroup;
			children = (
				3D84CB1E27962875001BB637 /* dianostico_1_0UITests.swift */,
				3D84CB2027962875001BB637 /* Info.plist */,
			);
			path = "dianostico-1.0UITests";
			sourceTree = "<group>";
		};
/* End PBXGroup section */

/* Begin PBXNativeTarget section */
		3D84CAFA27962871001BB637 /* dianostico-1.0 */ = {
			isa = PBXNativeTarget;
			buildConfigurationList = 3D84CB2327962875001BB637 /* Build configuration list for PBXNativeTarget "dianostico-1.0" */;
			buildPhases = (
				3D84CAF727962871001BB637 /* Sources */,
				3D84CAF827962871001BB637 /* Frameworks */,
				3D84CAF927962871001BB637 /* Resources */,
			);
			buildRules = (
			);
			dependencies = (
			);
			name = "dianostico-1.0";
			productName = "dianostico-1.0";
			productReference = 3D84CAFB27962871001BB637 /* dianostico-1.0.app */;
			productType = "com.apple.product-type.application";
		};
		3D84CB0E27962874001BB637 /* dianostico-1.0Tests */ = {
			isa = PBXNativeTarget;
			buildConfigurationList = 3D84CB2627962875001BB637 /* Build configuration list for PBXNativeTarget "dianostico-1.0Tests" */;
			buildPhases = (
				3D84CB0B27962874001BB637 /* Sources */,
				3D84CB0C27962874001BB637 /* Frameworks */,
				3D84CB0D27962874001BB637 /* Resources */,
			);
			buildRules = (
			);
			dependencies = (
				3D84CB1127962874001BB637 /* PBXTargetDependency */,
			);
			name = "dianostico-1.0Tests";
			productName = "dianostico-1.0Tests";
			productReference = 3D84CB0F27962874001BB637 /* dianostico-1.0Tests.xctest */;
			productType = "com.apple.product-type.bundle.unit-test";
		};
		3D84CB1927962875001BB637 /* dianostico-1.0UITests */ = {
			isa = PBXNativeTarget;
			buildConfigurationList = 3D84CB2927962875001BB637 /* Build configuration list for PBXNativeTarget "dianostico-1.0UITests" */;
			buildPhases = (
				3D84CB1627962875001BB637 /* Sources */,
				3D84CB1727962875001BB637 /* Frameworks */,
				3D84CB1827962875001BB637 /* Resources */,
			);
			buildRules = (
			);
			dependencies = (
				3D84CB1C27962875001BB637 /* PBXTargetDependency */,
			);
			name = "dianostico-1.0UITests";
			productName = "dianostico-1.0UITests";
			productReference = 3D84CB1A27962875001BB637 /* dianostico-1.0UITests.xctest */;
			productType = "com.apple.product-type.bundle.ui-testing";
		};
/* End PBXNativeTarget section */

/* Begin PBXProject section */
		3D84CAF327962871001BB637 /* Project object */ = {
			isa = PBXProject;
			attributes = {
				LastSwiftUpdateCheck = 0940;
				LastUpgradeCheck = 0940;
				ORGANIZATIONNAME = Estudiate;
				TargetAttributes = {
					3D84CAFA27962871001BB637 = {
						CreatedOnToolsVersion = 9.4.1;
					};
					3D84CB0E27962874001BB637 = {
						CreatedOnToolsVersion = 9.4.1;
						TestTargetID = 3D84CAFA27962871001BB637;
					};
					3D84CB1927962875001BB637 = {
						CreatedOnToolsVersion = 9.4.1;
						TestTargetID = 3D84CAFA27962871001BB637;
					};
				};
			};
			buildConfigurationList = 3D84CAF627962871001BB637 /* Build configuration list for PBXProject "dianostico-1.0" */;
			compatibilityVersion = "Xcode 9.3";
			developmentRegion = en;
			hasScannedForEncodings = 0;
			knownRegions = (
				en,
				Base,
			);
			mainGroup = 3D84CAF227962871001BB637;
			productRefGroup = 3D84CAFC27962871001BB637 /* Products */;
			projectDirPath = "";
			projectRoot = "";
			targets = (
				3D84CAFA27962871001BB637 /* dianostico-1.0 */,
				3D84CB0E27962874001BB637 /* dianostico-1.0Tests */,
				3D84CB1927962875001BB637 /* dianostico-1.0UITests */,
			);
		};
/* End PBXProject section */

/* Begin PBXResourcesBuildPhase section */
		3D84CAF927962871001BB637 /* Resources */ = {
			isa = PBXResourcesBuildPhase;
			buildActionMask = 2147483647;
			files = (
				3D84CB0927962874001BB637 /* LaunchScreen.storyboard in Resources */,
				3D84CB0627962874001BB637 /* Assets.xcassets in Resources */,
				3D84CB0427962871001BB637 /* Main.storyboard in Resources */,
			);
			runOnlyForDeploymentPostprocessing = 0;
		};
		3D84CB0D27962874001BB637 /* Resources */ = {
			isa = PBXResourcesBuildPhase;
			buildActionMask = 2147483647;
			files = (
			);
			runOnlyForDeploymentPostprocessing = 0;
		};
		3D84CB1827962875001BB637 /* Resources */ = {
			isa = PBXResourcesBuildPhase;
			buildActionMask = 2147483647;
			files = (
			);
			runOnlyForDeploymentPostprocessing = 0;
		};
/* End PBXResourcesBuildPhase section */

/* Begin PBXSourcesBuildPhase section */
		3D84CAF727962871001BB637 /* Sources */ = {
			isa = PBXSourcesBuildPhase;
			buildActionMask = 2147483647;
			files = (
				3D84CB0127962871001BB637 /* ViewController.swift in Sources */,
				3D84CB2D27962C12001BB637 /* Variante.swift in Sources */,
				3D84CAFF27962871001BB637 /* AppDelegate.swift in Sources */,
				3D84CB2F27962E2A001BB637 /* CeldaVarianteController.swift in Sources */,
			);
			runOnlyForDeploymentPostprocessing = 0;
		};
		3D84CB0B27962874001BB637 /* Sources */ = {
			isa = PBXSourcesBuildPhase;
			buildActionMask = 2147483647;
			files = (
				3D84CB1427962874001BB637 /* dianostico_1_0Tests.swift in Sources */,
			);
			runOnlyForDeploymentPostprocessing = 0;
		};
		3D84CB1627962875001BB637 /* Sources */ = {
			isa = PBXSourcesBuildPhase;
			buildActionMask = 2147483647;
			files = (
				3D84CB1F27962875001BB637 /* dianostico_1_0UITests.swift in Sources */,
			);
			runOnlyForDeploymentPostprocessing = 0;
		};
/* End PBXSourcesBuildPhase section */

/* Begin PBXTargetDependency section */
		3D84CB1127962874001BB637 /* PBXTargetDependency */ = {
			isa = PBXTargetDependency;
			target = 3D84CAFA27962871001BB637 /* dianostico-1.0 */;
			targetProxy = 3D84CB1027962874001BB637 /* PBXContainerItemProxy */;
		};
		3D84CB1C27962875001BB637 /* PBXTargetDependency */ = {
			isa = PBXTargetDependency;
			target = 3D84CAFA27962871001BB637 /* dianostico-1.0 */;
			targetProxy = 3D84CB1B27962875001BB637 /* PBXContainerItemProxy */;
		};
/* End PBXTargetDependency section */

/* Begin PBXVariantGroup section */
		3D84CB0227962871001BB637 /* Main.storyboard */ = {
			isa = PBXVariantGroup;
			children = (
				3D84CB0327962871001BB637 /* Base */,
			);
			name = Main.storyboard;
			sourceTree = "<group>";
		};
		3D84CB0727962874001BB637 /* LaunchScreen.storyboard */ = {
			isa = PBXVariantGroup;
			children = (
				3D84CB0827962874001BB637 /* Base */,
			);
			name = LaunchScreen.storyboard;
			sourceTree = "<group>";
		};
/* End PBXVariantGroup section */

/* Begin XCBuildConfiguration section */
		3D84CB2127962875001BB637 /* Debug */ = {
			isa = XCBuildConfiguration;
			buildSettings = {
				ALWAYS_SEARCH_USER_PATHS = NO;
				CLANG_ANALYZER_NONNULL = YES;
				CLANG_ANALYZER_NUMBER_OBJECT_CONVERSION = YES_AGGRESSIVE;
				CLANG_CXX_LANGUAGE_STANDARD = "gnu++14";
				CLANG_CXX_LIBRARY = "libc++";
				CLANG_ENABLE_MODULES = YES;
				CLANG_ENABLE_OBJC_ARC = YES;
				CLANG_ENABLE_OBJC_WEAK = YES;
				CLANG_WARN_BLOCK_CAPTURE_AUTORELEASING = YES;
				CLANG_WARN_BOOL_CONVERSION = YES;
				CLANG_WARN_COMMA = YES;
				CLANG_WARN_CONSTANT_CONVERSION = YES;
				CLANG_WARN_DEPRECATED_OBJC_IMPLEMENTATIONS = YES;
				CLANG_WARN_DIRECT_OBJC_ISA_USAGE = YES_ERROR;
				CLANG_WARN_DOCUMENTATION_COMMENTS = YES;
				CLANG_WARN_EMPTY_BODY = YES;
				CLANG_WARN_ENUM_CONVERSION = YES;
				CLANG_WARN_INFINITE_RECURSION = YES;
				CLANG_WARN_INT_CONVERSION = YES;
				CLANG_WARN_NON_LITERAL_NULL_CONVERSION = YES;
				CLANG_WARN_OBJC_IMPLICIT_RETAIN_SELF = YES;
				CLANG_WARN_OBJC_LITERAL_CONVERSION = YES;
				CLANG_WARN_OBJC_ROOT_CLASS = YES_ERROR;
				CLANG_WARN_RANGE_LOOP_ANALYSIS = YES;
				CLANG_WARN_STRICT_PROTOTYPES = YES;
				CLANG_WARN_SUSPICIOUS_MOVE = YES;
				CLANG_WARN_UNGUARDED_AVAILABILITY = YES_AGGRESSIVE;
				CLANG_WARN_UNREACHABLE_CODE = YES;
				CLANG_WARN__DUPLICATE_METHOD_MATCH = YES;
				CODE_SIGN_IDENTITY = "iPhone Developer";
				COPY_PHASE_STRIP = NO;
				DEBUG_INFORMATION_FORMAT = dwarf;
				ENABLE_STRICT_OBJC_MSGSEND = YES;
				ENABLE_TESTABILITY = YES;
				GCC_C_LANGUAGE_STANDARD = gnu11;
				GCC_DYNAMIC_NO_PIC = NO;
				GCC_NO_COMMON_BLOCKS = YES;
				GCC_OPTIMIZATION_LEVEL = 0;
				GCC_PREPROCESSOR_DEFINITIONS = (
					"DEBUG=1",
					"$(inherited)",
				);
				GCC_WARN_64_TO_32_BIT_CONVERSION = YES;
				GCC_WARN_ABOUT_RETURN_TYPE = YES_ERROR;
				GCC_WARN_UNDECLARED_SELECTOR = YES;
				GCC_WARN_UNINITIALIZED_AUTOS = YES_AGGRESSIVE;
				GCC_WARN_UNUSED_FUNCTION = YES;
				GCC_WARN_UNUSED_VARIABLE = YES;
				IPHONEOS_DEPLOYMENT_TARGET = 11.4;
				MTL_ENABLE_DEBUG_INFO = YES;
				ONLY_ACTIVE_ARCH = YES;
				SDKROOT = iphoneos;
				SWIFT_ACTIVE_COMPILATION_CONDITIONS = DEBUG;
				SWIFT_OPTIMIZATION_LEVEL = "-Onone";
			};
			name = Debug;
		};
		3D84CB2227962875001BB637 /* Release */ = {
			isa = XCBuildConfiguration;
			buildSettings = {
				ALWAYS_SEARCH_USER_PATHS = NO;
				CLANG_ANALYZER_NONNULL = YES;
				CLANG_ANALYZER_NUMBER_OBJECT_CONVERSION = YES_AGGRESSIVE;
				CLANG_CXX_LANGUAGE_STANDARD = "gnu++14";
				CLANG_CXX_LIBRARY = "libc++";
				CLANG_ENABLE_MODULES = YES;
				CLANG_ENABLE_OBJC_ARC = YES;
				CLANG_ENABLE_OBJC_WEAK = YES;
				CLANG_WARN_BLOCK_CAPTURE_AUTORELEASING = YES;
				CLANG_WARN_BOOL_CONVERSION = YES;
				CLANG_WARN_COMMA = YES;
				CLANG_WARN_CONSTANT_CONVERSION = YES;
				CLANG_WARN_DEPRECATED_OBJC_IMPLEMENTATIONS = YES;
				CLANG_WARN_DIRECT_OBJC_ISA_USAGE = YES_ERROR;
				CLANG_WARN_DOCUMENTATION_COMMENTS = YES;
				CLANG_WARN_EMPTY_BODY = YES;
				CLANG_WARN_ENUM_CONVERSION = YES;
				CLANG_WARN_INFINITE_RECURSION = YES;
				CLANG_WARN_INT_CONVERSION = YES;
				CLANG_WARN_NON_LITERAL_NULL_CONVERSION = YES;
				CLANG_WARN_OBJC_IMPLICIT_RETAIN_SELF = YES;
				CLANG_WARN_OBJC_LITERAL_CONVERSION = YES;
				CLANG_WARN_OBJC_ROOT_CLASS = YES_ERROR;
				CLANG_WARN_RANGE_LOOP_ANALYSIS = YES;
				CLANG_WARN_STRICT_PROTOTYPES = YES;
				CLANG_WARN_SUSPICIOUS_MOVE = YES;
				CLANG_WARN_UNGUARDED_AVAILABILITY = YES_AGGRESSIVE;
				CLANG_WARN_UNREACHABLE_CODE = YES;
				CLANG_WARN__DUPLICATE_METHOD_MATCH = YES;
				CODE_SIGN_IDENTITY = "iPhone Developer";
				COPY_PHASE_STRIP = NO;
				DEBUG_INFORMATION_FORMAT = "dwarf-with-dsym";
				ENABLE_NS_ASSERTIONS = NO;
				ENABLE_STRICT_OBJC_MSGSEND = YES;
				GCC_C_LANGUAGE_STANDARD = gnu11;
				GCC_NO_COMMON_BLOCKS = YES;
				GCC_WARN_64_TO_32_BIT_CONVERSION = YES;
				GCC_WARN_ABOUT_RETURN_TYPE = YES_ERROR;
				GCC_WARN_UNDECLARED_SELECTOR = YES;
				GCC_WARN_UNINITIALIZED_AUTOS = YES_AGGRESSIVE;
				GCC_WARN_UNUSED_FUNCTION = YES;
				GCC_WARN_UNUSED_VARIABLE = YES;
				IPHONEOS_DEPLOYMENT_TARGET = 11.4;
				MTL_ENABLE_DEBUG_INFO = NO;
				SDKROOT = iphoneos;
				SWIFT_COMPILATION_MODE = wholemodule;
				SWIFT_OPTIMIZATION_LEVEL = "-O";
				VALIDATE_PRODUCT = YES;
			};
			name = Release;
		};
		3D84CB2427962875001BB637 /* Debug */ = {
			isa = XCBuildConfiguration;
			buildSettings = {
				ASSETCATALOG_COMPILER_APPICON_NAME = AppIcon;
				CODE_SIGN_STYLE = Automatic;
				INFOPLIST_FILE = "dianostico-1.0/Info.plist";
				LD_RUNPATH_SEARCH_PATHS = (
					"$(inherited)",
					"@executable_path/Frameworks",
				);
				PRODUCT_BUNDLE_IDENTIFIER = "ulsa.edu.dianostico-1-0";
				PRODUCT_NAME = "$(TARGET_NAME)";
				SWIFT_VERSION = 4.0;
				TARGETED_DEVICE_FAMILY = "1,2";
			};
			name = Debug;
		};
		3D84CB2527962875001BB637 /* Release */ = {
			isa = XCBuildConfiguration;
			buildSettings = {
				ASSETCATALOG_COMPILER_APPICON_NAME = AppIcon;
				CODE_SIGN_STYLE = Automatic;
				INFOPLIST_FILE = "dianostico-1.0/Info.plist";
				LD_RUNPATH_SEARCH_PATHS = (
					"$(inherited)",
					"@executable_path/Frameworks",
				);
				PRODUCT_BUNDLE_IDENTIFIER = "ulsa.edu.dianostico-1-0";
				PRODUCT_NAME = "$(TARGET_NAME)";
				SWIFT_VERSION = 4.0;
				TARGETED_DEVICE_FAMILY = "1,2";
			};
			name = Release;
		};
		3D84CB2727962875001BB637 /* Debug */ = {
			isa = XCBuildConfiguration;
			buildSettings = {
				ALWAYS_EMBED_SWIFT_STANDARD_LIBRARIES = YES;
				BUNDLE_LOADER = "$(TEST_HOST)";
				CODE_SIGN_STYLE = Automatic;
				INFOPLIST_FILE = "dianostico-1.0Tests/Info.plist";
				LD_RUNPATH_SEARCH_PATHS = (
					"$(inherited)",
					"@executable_path/Frameworks",
					"@loader_path/Frameworks",
				);
				PRODUCT_BUNDLE_IDENTIFIER = "ulsa.edu.dianostico-1-0Tests";
				PRODUCT_NAME = "$(TARGET_NAME)";
				SWIFT_VERSION = 4.0;
				TARGETED_DEVICE_FAMILY = "1,2";
				TEST_HOST = "$(BUILT_PRODUCTS_DIR)/dianostico-1.0.app/dianostico-1.0";
			};
			name = Debug;
		};
		3D84CB2827962875001BB637 /* Release */ = {
			isa = XCBuildConfiguration;
			buildSettings = {
				ALWAYS_EMBED_SWIFT_STANDARD_LIBRARIES = YES;
				BUNDLE_LOADER = "$(TEST_HOST)";
				CODE_SIGN_STYLE = Automatic;
				INFOPLIST_FILE = "dianostico-1.0Tests/Info.plist";
				LD_RUNPATH_SEARCH_PATHS = (
					"$(inherited)",
					"@executable_path/Frameworks",
					"@loader_path/Frameworks",
				);
				PRODUCT_BUNDLE_IDENTIFIER = "ulsa.edu.dianostico-1-0Tests";
				PRODUCT_NAME = "$(TARGET_NAME)";
				SWIFT_VERSION = 4.0;
				TARGETED_DEVICE_FAMILY = "1,2";
				TEST_HOST = "$(BUILT_PRODUCTS_DIR)/dianostico-1.0.app/dianostico-1.0";
			};
			name = Release;
		};
		3D84CB2A27962875001BB637 /* Debug */ = {
			isa = XCBuildConfiguration;
			buildSettings = {
				ALWAYS_EMBED_SWIFT_STANDARD_LIBRARIES = YES;
				CODE_SIGN_STYLE = Automatic;
				INFOPLIST_FILE = "dianostico-1.0UITests/Info.plist";
				LD_RUNPATH_SEARCH_PATHS = (
					"$(inherited)",
					"@executable_path/Frameworks",
					"@loader_path/Frameworks",
				);
				PRODUCT_BUNDLE_IDENTIFIER = "ulsa.edu.dianostico-1-0UITests";
				PRODUCT_NAME = "$(TARGET_NAME)";
				SWIFT_VERSION = 4.0;
				TARGETED_DEVICE_FAMILY = "1,2";
				TEST_TARGET_NAME = "dianostico-1.0";
			};
			name = Debug;
		};
		3D84CB2B27962875001BB637 /* Release */ = {
			isa = XCBuildConfiguration;
			buildSettings = {
				ALWAYS_EMBED_SWIFT_STANDARD_LIBRARIES = YES;
				CODE_SIGN_STYLE = Automatic;
				INFOPLIST_FILE = "dianostico-1.0UITests/Info.plist";
				LD_RUNPATH_SEARCH_PATHS = (
					"$(inherited)",
					"@executable_path/Frameworks",
					"@loader_path/Frameworks",
				);
				PRODUCT_BUNDLE_IDENTIFIER = "ulsa.edu.dianostico-1-0UITests";
				PRODUCT_NAME = "$(TARGET_NAME)";
				SWIFT_VERSION = 4.0;
				TARGETED_DEVICE_FAMILY = "1,2";
				TEST_TARGET_NAME = "dianostico-1.0";
			};
			name = Release;
		};
/* End XCBuildConfiguration section */

/* Begin XCConfigurationList section */
		3D84CAF627962871001BB637 /* Build configuration list for PBXProject "dianostico-1.0" */ = {
			isa = XCConfigurationList;
			buildConfigurations = (
				3D84CB2127962875001BB637 /* Debug */,
				3D84CB2227962875001BB637 /* Release */,
			);
			defaultConfigurationIsVisible = 0;
			defaultConfigurationName = Release;
		};
		3D84CB2327962875001BB637 /* Build configuration list for PBXNativeTarget "dianostico-1.0" */ = {
			isa = XCConfigurationList;
			buildConfigurations = (
				3D84CB2427962875001BB637 /* Debug */,
				3D84CB2527962875001BB637 /* Release */,
			);
			defaultConfigurationIsVisible = 0;
			defaultConfigurationName = Release;
		};
		3D84CB2627962875001BB637 /* Build configuration list for PBXNativeTarget "dianostico-1.0Tests" */ = {
			isa = XCConfigurationList;
			buildConfigurations = (
				3D84CB2727962875001BB637 /* Debug */,
				3D84CB2827962875001BB637 /* Release */,
			);
			defaultConfigurationIsVisible = 0;
			defaultConfigurationName = Release;
		};
		3D84CB2927962875001BB637 /* Build configuration list for PBXNativeTarget "dianostico-1.0UITests" */ = {
			isa = XCConfigurationList;
			buildConfigurations = (
				3D84CB2A27962875001BB637 /* Debug */,
				3D84CB2B27962875001BB637 /* Release */,
			);
			defaultConfigurationIsVisible = 0;
			defaultConfigurationName = Release;
		};
/* End XCConfigurationList section */
	};
	rootObject = 3D84CAF327962871001BB637 /* Project object */;
}
